
Microsoft Visual Studio Solution File, Format Version 12.00
# Visual Studio Version 17
VisualStudioVersion = 17.0.31903.59
MinimumVisualStudioVersion = 10.0.40219.1
Project("{FAE04EC0-301F-11D3-BF4B-00C04F79EFBC}") = "Web-API-Client", "Web-API-Client.csproj", "{9EC62BDD-FC5B-4492-BE76-FBA1969F6908}"
EndProject
Global
	GlobalSection(SolutionConfigurationPlatforms) = preSolution
		Debug|Any CPU = Debug|Any CPU
		Release|Any CPU = Release|Any CPU
	EndGlobalSection
	GlobalSection(ProjectConfigurationPlatforms) = postSolution
		{9EC62BDD-FC5B-4492-BE76-FBA1969F6908}.Debug|Any CPU.ActiveCfg = Debug|Any CPU
		{9EC62BDD-FC5B-4492-BE76-FBA1969F6908}.Debug|Any CPU.Build.0 = Debug|Any CPU
		{9EC62BDD-FC5B-4492-BE76-FBA1969F6908}.Release|Any CPU.ActiveCfg = Release|Any CPU
		{9EC62BDD-FC5B-4492-BE76-FBA1969F6908}.Release|Any CPU.Build.0 = Release|Any CPU
	EndGlobalSection
	GlobalSection(SolutionProperties) = preSolution
		HideSolutionNode = FALSE
	EndGlobalSection
	GlobalSection(ExtensibilityGlobals) = postSolution
		SolutionGuid = {B6B2468E-92D5-4C13-97C2-CBB9D039D2F5}
	EndGlobalSection
EndGlobal
